
Microsoft Visual Studio Solution File, Format Version 12.00
# Visual Studio Version 17
VisualStudioVersion = 17.7.34031.279
MinimumVisualStudioVersion = 10.0.40219.1
Project("{9A19103F-16F7-4668-BE54-9A1E7A4F7556}") = "Basic.CacheManager", "src\Basic.CacheManager\Basic.CacheManager.csproj", "{91F57C41-C340-4359-B264-932A0A4B2BEF}"
EndProject
Global
	GlobalSection(SolutionConfigurationPlatforms) = preSolution
		Debug|Any CPU = Debug|Any CPU
		Release|Any CPU = Release|Any CPU
	EndGlobalSection
	GlobalSection(ProjectConfigurationPlatforms) = postSolution
		{91F57C41-C340-4359-B264-932A0A4B2BEF}.Debug|Any CPU.ActiveCfg = Debug|Any CPU
		{91F57C41-C340-4359-B264-932A0A4B2BEF}.Debug|Any CPU.Build.0 = Debug|Any CPU
		{91F57C41-C340-4359-B264-932A0A4B2BEF}.Release|Any CPU.ActiveCfg = Release|Any CPU
		{91F57C41-C340-4359-B264-932A0A4B2BEF}.Release|Any CPU.Build.0 = Release|Any CPU
	EndGlobalSection
	GlobalSection(SolutionProperties) = preSolution
		HideSolutionNode = FALSE
	EndGlobalSection
	GlobalSection(ExtensibilityGlobals) = postSolution
		SolutionGuid = {1EF6AA91-7B64-4EF8-8E88-379BF89D25BE}
	EndGlobalSection
EndGlobal
